
Microsoft Visual Studio Solution File, Format Version 12.00
Project("{FAE04EC0-301F-11D3-BF4B-00C04F79EFBC}") = "Pythonize.Counter.Net", "Pythonize.Counter.Net\Pythonize.Counter.Net.csproj", "{B3C74A0B-75FD-4F05-BB48-89DE719D1351}"
EndProject
Project("{FAE04EC0-301F-11D3-BF4B-00C04F79EFBC}") = "Pythonize.Counter.Net.Tests", "Pythonize.Counter.Net.Tests\Pythonize.Counter.Net.Tests.csproj", "{DFCC5CD7-9411-4442-9BDC-35FCB32A4F4B}"
EndProject
Global
	GlobalSection(SolutionConfigurationPlatforms) = preSolution
		Debug|Any CPU = Debug|Any CPU
		Release|Any CPU = Release|Any CPU
	EndGlobalSection
	GlobalSection(ProjectConfigurationPlatforms) = postSolution
		{B3C74A0B-75FD-4F05-BB48-89DE719D1351}.Debug|Any CPU.ActiveCfg = Debug|Any CPU
		{B3C74A0B-75FD-4F05-BB48-89DE719D1351}.Debug|Any CPU.Build.0 = Debug|Any CPU
		{B3C74A0B-75FD-4F05-BB48-89DE719D1351}.Release|Any CPU.ActiveCfg = Release|Any CPU
		{B3C74A0B-75FD-4F05-BB48-89DE719D1351}.Release|Any CPU.Build.0 = Release|Any CPU
		{DFCC5CD7-9411-4442-9BDC-35FCB32A4F4B}.Debug|Any CPU.ActiveCfg = Debug|Any CPU
		{DFCC5CD7-9411-4442-9BDC-35FCB32A4F4B}.Debug|Any CPU.Build.0 = Debug|Any CPU
		{DFCC5CD7-9411-4442-9BDC-35FCB32A4F4B}.Release|Any CPU.ActiveCfg = Release|Any CPU
		{DFCC5CD7-9411-4442-9BDC-35FCB32A4F4B}.Release|Any CPU.Build.0 = Release|Any CPU
	EndGlobalSection
EndGlobal
